
Microsoft Visual Studio Solution File, Format Version 12.00
# Visual Studio 15
VisualStudioVersion = 15.0.26124.0
MinimumVisualStudioVersion = 15.0.26124.0
Project("{FAE04EC0-301F-11D3-BF4B-00C04F79EFBC}") = "Crawler.Tests", "Crawler.Tests\Crawler.Tests.csproj", "{A8AC1143-47A3-469E-9B1D-D17A97648042}"
EndProject
Project("{FAE04EC0-301F-11D3-BF4B-00C04F79EFBC}") = "Crawler", "Crawler\Crawler.csproj", "{D7D086BF-CD4D-4E49-9B33-97195B7C38DA}"
EndProject
Global
	GlobalSection(SolutionConfigurationPlatforms) = preSolution
		Debug|Any CPU = Debug|Any CPU
		Debug|x64 = Debug|x64
		Debug|x86 = Debug|x86
		Release|Any CPU = Release|Any CPU
		Release|x64 = Release|x64
		Release|x86 = Release|x86
	EndGlobalSection
	GlobalSection(SolutionProperties) = preSolution
		HideSolutionNode = FALSE
	EndGlobalSection
	GlobalSection(ProjectConfigurationPlatforms) = postSolution
		{A8AC1143-47A3-469E-9B1D-D17A97648042}.Debug|Any CPU.ActiveCfg = Debug|Any CPU
		{A8AC1143-47A3-469E-9B1D-D17A97648042}.Debug|Any CPU.Build.0 = Debug|Any CPU
		{A8AC1143-47A3-469E-9B1D-D17A97648042}.Debug|x64.ActiveCfg = Debug|Any CPU
		{A8AC1143-47A3-469E-9B1D-D17A97648042}.Debug|x64.Build.0 = Debug|Any CPU
		{A8AC1143-47A3-469E-9B1D-D17A97648042}.Debug|x86.ActiveCfg = Debug|Any CPU
		{A8AC1143-47A3-469E-9B1D-D17A97648042}.Debug|x86.Build.0 = Debug|Any CPU
		{A8AC1143-47A3-469E-9B1D-D17A97648042}.Release|Any CPU.ActiveCfg = Release|Any CPU
		{A8AC1143-47A3-469E-9B1D-D17A97648042}.Release|Any CPU.Build.0 = Release|Any CPU
		{A8AC1143-47A3-469E-9B1D-D17A97648042}.Release|x64.ActiveCfg = Release|Any CPU
		{A8AC1143-47A3-469E-9B1D-D17A97648042}.Release|x64.Build.0 = Release|Any CPU
		{A8AC1143-47A3-469E-9B1D-D17A97648042}.Release|x86.ActiveCfg = Release|Any CPU
		{A8AC1143-47A3-469E-9B1D-D17A97648042}.Release|x86.Build.0 = Release|Any CPU
		{D7D086BF-CD4D-4E49-9B33-97195B7C38DA}.Debug|Any CPU.ActiveCfg = Debug|Any CPU
		{D7D086BF-CD4D-4E49-9B33-97195B7C38DA}.Debug|Any CPU.Build.0 = Debug|Any CPU
		{D7D086BF-CD4D-4E49-9B33-97195B7C38DA}.Debug|x64.ActiveCfg = Debug|Any CPU
		{D7D086BF-CD4D-4E49-9B33-97195B7C38DA}.Debug|x64.Build.0 = Debug|Any CPU
		{D7D086BF-CD4D-4E49-9B33-97195B7C38DA}.Debug|x86.ActiveCfg = Debug|Any CPU
		{D7D086BF-CD4D-4E49-9B33-97195B7C38DA}.Debug|x86.Build.0 = Debug|Any CPU
		{D7D086BF-CD4D-4E49-9B33-97195B7C38DA}.Release|Any CPU.ActiveCfg = Release|Any CPU
		{D7D086BF-CD4D-4E49-9B33-97195B7C38DA}.Release|Any CPU.Build.0 = Release|Any CPU
		{D7D086BF-CD4D-4E49-9B33-97195B7C38DA}.Release|x64.ActiveCfg = Release|Any CPU
		{D7D086BF-CD4D-4E49-9B33-97195B7C38DA}.Release|x64.Build.0 = Release|Any CPU
		{D7D086BF-CD4D-4E49-9B33-97195B7C38DA}.Release|x86.ActiveCfg = Release|Any CPU
		{D7D086BF-CD4D-4E49-9B33-97195B7C38DA}.Release|x86.Build.0 = Release|Any CPU
	EndGlobalSection
EndGlobal
